Microsoft Visual Studio Solution File, Format Version 12.00
# Visual Studio Version 17
VisualStudioVersion = 17.7.34031.279
MinimumVisualStudioVersion = 10.0.40219.1
Project("{9A19103F-16F7-4668-BE54-9A1E7A4F7556}") = "UEAT.Notification.Core", "UEAT.Notification.Core\UEAT.Notification.Core.csproj", "{2950327A-FA42-4A30-A38B-82BDBB1A03BC}"
EndProject
Project("{2150E333-8FDC-42A3-9474-1A3956D46DE8}") = "src", "src", "{1AB242DB-9737-463C-97C9-BCB7338B4BAF}"
EndProject
Project("{9A19103F-16F7-4668-BE54-9A1E7A4F7556}") = "UEAT.Notification.Infrastructure", "UEAT.Notification.Infrastructure\UEAT.Notification.Infrastructure.csproj", "{7DDFF654-CBA4-4C6E-8FFF-A1721E627965}"
EndProject
Project("{9A19103F-16F7-4668-BE54-9A1E7A4F7556}") = "UEAT.Notification.Library", "UEAT.Notification.Library\UEAT.Notification.Library.csproj", "{A1B2C3D4-E5F6-7890-ABCD-EF1234567890}"
EndProject
Project("{FAE04EC0-301F-11D3-BF4B-00C04F79EFBC}") = "UEAT.Notification.AppTest", "UEAT.Notification.AppTest\UEAT.Notification.AppTest.csproj", "{2921A40C-43C4-4368-8256-24E947E9197F}"
EndProject
Project("{2150E333-8FDC-42A3-9474-1A3956D46DE8}") = "tests", "tests", "{717A0532-6E9D-4D58-9366-89C5903AFF84}"
EndProject
Project("{FAE04EC0-301F-11D3-BF4B-00C04F79EFBC}") = "UEAT.Notification.Tests", "UEAT.Notification.Tests\UEAT.Notification.Tests.csproj", "{18AE2F25-CFB2-4172-9AE0-55EB0A0C8813}"
EndProject
Global
	GlobalSection(SolutionConfigurationPlatforms) = preSolution
		Debug|Any CPU = Debug|Any CPU
		Release|Any CPU = Release|Any CPU
	EndGlobalSection
	GlobalSection(ProjectConfigurationPlatforms) = postSolution
		{2950327A-FA42-4A30-A38B-82BDBB1A03BC}.Debug|Any CPU.ActiveCfg = Debug|Any CPU
		{2950327A-FA42-4A30-A38B-82BDBB1A03BC}.Debug|Any CPU.Build.0 = Debug|Any CPU
		{2950327A-FA42-4A30-A38B-82BDBB1A03BC}.Release|Any CPU.ActiveCfg = Release|Any CPU
		{2950327A-FA42-4A30-A38B-82BDBB1A03BC}.Release|Any CPU.Build.0 = Release|Any CPU
		{7DDFF654-CBA4-4C6E-8FFF-A1721E627965}.Debug|Any CPU.ActiveCfg = Debug|Any CPU
		{7DDFF654-CBA4-4C6E-8FFF-A1721E627965}.Debug|Any CPU.Build.0 = Debug|Any CPU
		{7DDFF654-CBA4-4C6E-8FFF-A1721E627965}.Release|Any CPU.ActiveCfg = Release|Any CPU
		{7DDFF654-CBA4-4C6E-8FFF-A1721E627965}.Release|Any CPU.Build.0 = Release|Any CPU
		{A1B2C3D4-E5F6-7890-ABCD-EF1234567890}.Debug|Any CPU.ActiveCfg = Debug|Any CPU
		{A1B2C3D4-E5F6-7890-ABCD-EF1234567890}.Debug|Any CPU.Build.0 = Debug|Any CPU
		{A1B2C3D4-E5F6-7890-ABCD-EF1234567890}.Release|Any CPU.ActiveCfg = Release|Any CPU
		{A1B2C3D4-E5F6-7890-ABCD-EF1234567890}.Release|Any CPU.Build.0 = Release|Any CPU
		{2921A40C-43C4-4368-8256-24E947E9197F}.Debug|Any CPU.ActiveCfg = Debug|Any CPU
		{2921A40C-43C4-4368-8256-24E947E9197F}.Debug|Any CPU.Build.0 = Debug|Any CPU
		{2921A40C-43C4-4368-8256-24E947E9197F}.Release|Any CPU.ActiveCfg = Release|Any CPU
		{2921A40C-43C4-4368-8256-24E947E9197F}.Release|Any CPU.Build.0 = Release|Any CPU
		{18AE2F25-CFB2-4172-9AE0-55EB0A0C8813}.Debug|Any CPU.ActiveCfg = Debug|Any CPU
		{18AE2F25-CFB2-4172-9AE0-55EB0A0C8813}.Debug|Any CPU.Build.0 = Debug|Any CPU
		{18AE2F25-CFB2-4172-9AE0-55EB0A0C8813}.Release|Any CPU.ActiveCfg = Release|Any CPU
		{18AE2F25-CFB2-4172-9AE0-55EB0A0C8813}.Release|Any CPU.Build.0 = Release|Any CPU
	EndGlobalSection
	GlobalSection(SolutionProperties) = preSolution
		HideSolutionNode = FALSE
	EndGlobalSection
	GlobalSection(NestedProjects) = preSolution
		{2950327A-FA42-4A30-A38B-82BDBB1A03BC} = {1AB242DB-9737-463C-97C9-BCB7338B4BAF}
		{7DDFF654-CBA4-4C6E-8FFF-A1721E627965} = {1AB242DB-9737-463C-97C9-BCB7338B4BAF}
		{A1B2C3D4-E5F6-7890-ABCD-EF1234567890} = {1AB242DB-9737-463C-97C9-BCB7338B4BAF}
		{2921A40C-43C4-4368-8256-24E947E9197F} = {1AB242DB-9737-463C-97C9-BCB7338B4BAF}
		{18AE2F25-CFB2-4172-9AE0-55EB0A0C8813} = {1AB242DB-9737-463C-97C9-BCB7338B4BAF}
	EndGlobalSection
	GlobalSection(ExtensibilityGlobals) = postSolution
		SolutionGuid = {F9512BBB-B63E-4CEC-A4A4-68AB6CE92B65}
	EndGlobalSection
EndGlobal
